{
  "version": 4,
  "terraform_version": "1.3.6",
  "serial": 1,
  "lineage": "921b4a88-a9a5-8e6e-9a61-c5092c6763b5",
  "outputs": {},
  "resources": [
    {
      "mode": "managed",
      "type": "github_repository",
      "name": "meeney_devops",
      "provider": "provider[\"registry.terraform.io/integrations/github\"]",
      "instances": [
        {
          "schema_version": 0,
          "attributes": {
            "allow_auto_merge": false,
            "allow_merge_commit": true,
            "allow_rebase_merge": true,
            "allow_squash_merge": true,
            "allow_update_branch": false,
            "archive_on_destroy": null,
            "archived": false,
            "auto_init": null,
            "default_branch": "main",
            "delete_branch_on_merge": false,
            "description": "Meeney Tech",
            "etag": "W/\"18dae6808085cb9a3156d81a14a9382da4beeb4ef4d850a728eb856a3cdbbf6e\"",
            "full_name": "Mfonn/Meeney-devOps",
            "git_clone_url": "git://github.com/Mfonn/Meeney-devOps.git",
            "gitignore_template": null,
            "has_downloads": false,
            "has_issues": false,
            "has_projects": false,
            "has_wiki": false,
            "homepage_url": "",
            "html_url": "https://github.com/Mfonn/Meeney-devOps",
            "http_clone_url": "https://github.com/Mfonn/Meeney-devOps.git",
            "id": "Meeney-devOps",
            "ignore_vulnerability_alerts_during_read": null,
            "is_template": false,
            "license_template": null,
            "merge_commit_message": "PR_TITLE",
            "merge_commit_title": "MERGE_MESSAGE",
            "name": "Meeney-devOps",
            "node_id": "R_kgDOIp6e3w",
            "pages": [],
            "private": false,
            "repo_id": 580820703,
            "security_and_analysis": [],
            "squash_merge_commit_message": "COMMIT_MESSAGES",
            "squash_merge_commit_title": "COMMIT_OR_PR_TITLE",
            "ssh_clone_url": "git@github.com:Mfonn/Meeney-devOps.git",
            "svn_url": "https://github.com/Mfonn/Meeney-devOps",
            "template": [],
            "topics": null,
            "visibility": "public",
            "vulnerability_alerts": false
          },
          "sensitive_attributes": [],
          "private": "bnVsbA=="
        }
      ]
    }
  ],
  "check_results": null
}
